using Newtonsoft.Json.Linq;
using System;
using System.Net.Http;
using static System.Net.WebRequestMethods;

namespace OpenWeatherAPI
{
    class Program
    {
        static void Main(string[] args)
        {
            var client = new HttpClient();

            var key = "94d4e16e903663b6ef1b60417314f4a6";

            while (true)
            {
                Console.WriteLine();
                Console.WriteLine("Please enter the name of your city: ");
                var city_name = Console.ReadLine();
                Console.WriteLine();

                var weatherURL = $"https://api.openweathermap.org/data/2.5/weather?q={city_name}&appid={key}&units=imperial";
                try
                {
                    var response = client.GetStringAsync(weatherURL).Result;
                    var formattedResponse = JObject.Parse(response).GetValue("main").ToString();
                    var temp = JObject.Parse(formattedResponse).GetValue("temp");
                    Console.WriteLine($"The current temperature is {temp} degrees fahrenheit.");
                }
                catch (Exception e)
                {
                    Console.WriteLine(e.Message);
                }
                AddSpaces(2);
                Console.WriteLine("Would you like to exit?");
                var userInput = Console.ReadLine();
                AddSpaces(2);

                if (userInput.ToLower().Trim() == "yes")
                {
                    break;
                }
            }
        }
        static void AddSpaces(int numberOfSpaces)
        {
            while (numberOfSpaces != 0)
            {
                Console.WriteLine();
                numberOfSpaces--;
            }
        }
    }
}
